
Microsoft Visual Studio Solution File, Format Version 12.00
# Visual Studio 15
VisualStudioVersion = 15.0.28307.438
MinimumVisualStudioVersion = 10.0.40219.1
Project("{F184B08F-C81C-45F6-A57F-5ABD9991F28F}") = "Control", "Control\Control.vbproj", "{046D4AD7-D1DC-4872-8629-0A87F7CD3B76}"
EndProject
Global
	GlobalSection(SolutionConfigurationPlatforms) = preSolution
		Debug|Any CPU = Debug|Any CPU
		Release|Any CPU = Release|Any CPU
	EndGlobalSection
	GlobalSection(ProjectConfigurationPlatforms) = postSolution
		{046D4AD7-D1DC-4872-8629-0A87F7CD3B76}.Debug|Any CPU.ActiveCfg = Debug|Any CPU
		{046D4AD7-D1DC-4872-8629-0A87F7CD3B76}.Debug|Any CPU.Build.0 = Debug|Any CPU
		{046D4AD7-D1DC-4872-8629-0A87F7CD3B76}.Release|Any CPU.ActiveCfg = Release|Any CPU
		{046D4AD7-D1DC-4872-8629-0A87F7CD3B76}.Release|Any CPU.Build.0 = Release|Any CPU
	EndGlobalSection
	GlobalSection(SolutionProperties) = preSolution
		HideSolutionNode = FALSE
	EndGlobalSection
	GlobalSection(ExtensibilityGlobals) = postSolution
		SolutionGuid = {B93D2ECC-858D-40CB-B4E9-FEC6C097975B}
	EndGlobalSection
EndGlobal
